
Microsoft Visual Studio Solution File, Format Version 12.00
# Visual Studio Version 17
VisualStudioVersion = 17.1.32228.430
MinimumVisualStudioVersion = 10.0.40219.1
Project("{FAE04EC0-301F-11D3-BF4B-00C04F79EFBC}") = "Syntax and Syntax Sugar Exercise", "Syntax and Syntax Sugar Exercise\Syntax and Syntax Sugar Exercise.csproj", "{A3EF4F00-CAA3-4F90-857D-F3096D0C4363}"
EndProject
Global
	GlobalSection(SolutionConfigurationPlatforms) = preSolution
		Debug|Any CPU = Debug|Any CPU
		Release|Any CPU = Release|Any CPU
	EndGlobalSection
	GlobalSection(ProjectConfigurationPlatforms) = postSolution
		{A3EF4F00-CAA3-4F90-857D-F3096D0C4363}.Debug|Any CPU.ActiveCfg = Debug|Any CPU
		{A3EF4F00-CAA3-4F90-857D-F3096D0C4363}.Debug|Any CPU.Build.0 = Debug|Any CPU
		{A3EF4F00-CAA3-4F90-857D-F3096D0C4363}.Release|Any CPU.ActiveCfg = Release|Any CPU
		{A3EF4F00-CAA3-4F90-857D-F3096D0C4363}.Release|Any CPU.Build.0 = Release|Any CPU
	EndGlobalSection
	GlobalSection(SolutionProperties) = preSolution
		HideSolutionNode = FALSE
	EndGlobalSection
	GlobalSection(ExtensibilityGlobals) = postSolution
		SolutionGuid = {65FB56DA-0615-4E49-A267-AF1B454888AD}
	EndGlobalSection
EndGlobal
